
Microsoft Visual Studio Solution File, Format Version 12.00
# Visual Studio 15
VisualStudioVersion = 15.0.28307.106
MinimumVisualStudioVersion = 10.0.40219.1
Project("{8BC9CEB8-8B4A-11D0-8D11-00A0C91BC942}") = "Qt_GPX_to_txt_converter", "Qt_GPX_to_txt_converter.vcxproj", "{1A1E818A-1EB6-3977-A075-30901DC07A5A}"
EndProject
Global
	GlobalSection(SolutionConfigurationPlatforms) = preSolution
		Debug|x86 = Debug|x86
		Release|x86 = Release|x86
	EndGlobalSection
	GlobalSection(ProjectConfigurationPlatforms) = postSolution
		{1A1E818A-1EB6-3977-A075-30901DC07A5A}.Debug|x86.ActiveCfg = Debug|Win32
		{1A1E818A-1EB6-3977-A075-30901DC07A5A}.Debug|x86.Build.0 = Debug|Win32
		{1A1E818A-1EB6-3977-A075-30901DC07A5A}.Release|x86.ActiveCfg = Release|Win32
		{1A1E818A-1EB6-3977-A075-30901DC07A5A}.Release|x86.Build.0 = Release|Win32
	EndGlobalSection
	GlobalSection(SolutionProperties) = preSolution
		HideSolutionNode = FALSE
	EndGlobalSection
	GlobalSection(ExtensibilityGlobals) = postSolution
		SolutionGuid = {25F68EEC-5E77-4396-ACC4-FC0E875946CA}
	EndGlobalSection
EndGlobal
